
Microsoft Visual Studio Solution File, Format Version 12.00
# Visual Studio 15
VisualStudioVersion = 15.0.28307.106
MinimumVisualStudioVersion = 10.0.40219.1
Project("{FAE04EC0-301F-11D3-BF4B-00C04F79EFBC}") = "MyBooks.Client", "MyBooks.Client\MyBooks.Client.csproj", "{16A600BB-A3BA-40C4-A0FE-72A1C0883D77}"
EndProject
Project("{FAE04EC0-301F-11D3-BF4B-00C04F79EFBC}") = "MyBooks.Api", "MyBooks.Api\MyBooks.Api.csproj", "{9F07BD30-311E-4C32-8848-83C5FF5F9523}"
EndProject
Project("{FAE04EC0-301F-11D3-BF4B-00C04F79EFBC}") = "MyBook.Bll", "MyBook.Bll\MyBook.Bll.csproj", "{673D2A65-7B85-42CE-B515-821A1B01539C}"
EndProject
Global
	GlobalSection(SolutionConfigurationPlatforms) = preSolution
		Debug|Any CPU = Debug|Any CPU
		Release|Any CPU = Release|Any CPU
	EndGlobalSection
	GlobalSection(ProjectConfigurationPlatforms) = postSolution
		{16A600BB-A3BA-40C4-A0FE-72A1C0883D77}.Debug|Any CPU.ActiveCfg = Debug|Any CPU
		{16A600BB-A3BA-40C4-A0FE-72A1C0883D77}.Debug|Any CPU.Build.0 = Debug|Any CPU
		{16A600BB-A3BA-40C4-A0FE-72A1C0883D77}.Release|Any CPU.ActiveCfg = Release|Any CPU
		{16A600BB-A3BA-40C4-A0FE-72A1C0883D77}.Release|Any CPU.Build.0 = Release|Any CPU
		{9F07BD30-311E-4C32-8848-83C5FF5F9523}.Debug|Any CPU.ActiveCfg = Debug|Any CPU
		{9F07BD30-311E-4C32-8848-83C5FF5F9523}.Debug|Any CPU.Build.0 = Debug|Any CPU
		{9F07BD30-311E-4C32-8848-83C5FF5F9523}.Release|Any CPU.ActiveCfg = Release|Any CPU
		{9F07BD30-311E-4C32-8848-83C5FF5F9523}.Release|Any CPU.Build.0 = Release|Any CPU
		{673D2A65-7B85-42CE-B515-821A1B01539C}.Debug|Any CPU.ActiveCfg = Debug|Any CPU
		{673D2A65-7B85-42CE-B515-821A1B01539C}.Debug|Any CPU.Build.0 = Debug|Any CPU
		{673D2A65-7B85-42CE-B515-821A1B01539C}.Release|Any CPU.ActiveCfg = Release|Any CPU
		{673D2A65-7B85-42CE-B515-821A1B01539C}.Release|Any CPU.Build.0 = Release|Any CPU
	EndGlobalSection
	GlobalSection(SolutionProperties) = preSolution
		HideSolutionNode = FALSE
	EndGlobalSection
	GlobalSection(ExtensibilityGlobals) = postSolution
		SolutionGuid = {F7A00780-4862-4F4D-9C49-F1295E559DF3}
	EndGlobalSection
EndGlobal
